
Microsoft Visual Studio Solution File, Format Version 12.00
# Visual Studio 15
VisualStudioVersion = 15.0.27703.2026
MinimumVisualStudioVersion = 10.0.40219.1
Project("{FAE04EC0-301F-11D3-BF4B-00C04F79EFBC}") = "AppCRM.Android", "AppCRM\AppCRM.Android\AppCRM.Android.csproj", "{2244BDAF-0F36-47FC-B85B-8F730C7D1CD2}"
EndProject
Project("{FAE04EC0-301F-11D3-BF4B-00C04F79EFBC}") = "AppCRM.iOS", "AppCRM\AppCRM.iOS\AppCRM.iOS.csproj", "{82EF412E-FD1F-44E1-A428-6E424A554CA6}"
EndProject
Project("{FAE04EC0-301F-11D3-BF4B-00C04F79EFBC}") = "AppCRM.UWP", "AppCRM\AppCRM.UWP\AppCRM.UWP.csproj", "{222DF088-B421-4B8C-B452-BF52D522B57B}"
EndProject
Project("{9A19103F-16F7-4668-BE54-9A1E7A4F7556}") = "AppCRM", "AppCRM\AppCRM\AppCRM.csproj", "{BDCAD4CD-3619-4470-86C2-FAAB05293D97}"
EndProject
Global
	GlobalSection(SolutionConfigurationPlatforms) = preSolution
		Ad-Hoc|Any CPU = Ad-Hoc|Any CPU
		Ad-Hoc|ARM = Ad-Hoc|ARM
		Ad-Hoc|iPhone = Ad-Hoc|iPhone
		Ad-Hoc|iPhoneSimulator = Ad-Hoc|iPhoneSimulator
		Ad-Hoc|x64 = Ad-Hoc|x64
		Ad-Hoc|x86 = Ad-Hoc|x86
		AppStore|Any CPU = AppStore|Any CPU
		AppStore|ARM = AppStore|ARM
		AppStore|iPhone = AppStore|iPhone
		AppStore|iPhoneSimulator = AppStore|iPhoneSimulator
		AppStore|x64 = AppStore|x64
		AppStore|x86 = AppStore|x86
		Debug|Any CPU = Debug|Any CPU
		Debug|ARM = Debug|ARM
		Debug|iPhone = Debug|iPhone
		Debug|iPhoneSimulator = Debug|iPhoneSimulator
		Debug|x64 = Debug|x64
		Debug|x86 = Debug|x86
		iOS Release|Any CPU = iOS Release|Any CPU
		iOS Release|ARM = iOS Release|ARM
		iOS Release|iPhone = iOS Release|iPhone
		iOS Release|iPhoneSimulator = iOS Release|iPhoneSimulator
		iOS Release|x64 = iOS Release|x64
		iOS Release|x86 = iOS Release|x86
		Release|Any CPU = Release|Any CPU
		Release|ARM = Release|ARM
		Release|iPhone = Release|iPhone
		Release|iPhoneSimulator = Release|iPhoneSimulator
		Release|x64 = Release|x64
		Release|x86 = Release|x86
	EndGlobalSection
	GlobalSection(ProjectConfigurationPlatforms) = postSolution
		{2244BDAF-0F36-47FC-B85B-8F730C7D1CD2}.Ad-Hoc|Any CPU.ActiveCfg = Release|Any CPU
		{2244BDAF-0F36-47FC-B85B-8F730C7D1CD2}.Ad-Hoc|Any CPU.Build.0 = Release|Any CPU
		{2244BDAF-0F36-47FC-B85B-8F730C7D1CD2}.Ad-Hoc|Any CPU.Deploy.0 = Release|Any CPU
		{2244BDAF-0F36-47FC-B85B-8F730C7D1CD2}.Ad-Hoc|ARM.ActiveCfg = Release|Any CPU
		{2244BDAF-0F36-47FC-B85B-8F730C7D1CD2}.Ad-Hoc|ARM.Build.0 = Release|Any CPU
		{2244BDAF-0F36-47FC-B85B-8F730C7D1CD2}.Ad-Hoc|ARM.Deploy.0 = Release|Any CPU
		{2244BDAF-0F36-47FC-B85B-8F730C7D1CD2}.Ad-Hoc|iPhone.ActiveCfg = Release|Any CPU
		{2244BDAF-0F36-47FC-B85B-8F730C7D1CD2}.Ad-Hoc|iPhone.Build.0 = Release|Any CPU
		{2244BDAF-0F36-47FC-B85B-8F730C7D1CD2}.Ad-Hoc|iPhone.Deploy.0 = Release|Any CPU
		{2244BDAF-0F36-47FC-B85B-8F730C7D1CD2}.Ad-Hoc|iPhoneSimulator.ActiveCfg = Release|Any CPU
		{2244BDAF-0F36-47FC-B85B-8F730C7D1CD2}.Ad-Hoc|iPhoneSimulator.Build.0 = Release|Any CPU
		{2244BDAF-0F36-47FC-B85B-8F730C7D1CD2}.Ad-Hoc|iPhoneSimulator.Deploy.0 = Release|Any CPU
		{2244BDAF-0F36-47FC-B85B-8F730C7D1CD2}.Ad-Hoc|x64.ActiveCfg = Release|Any CPU
		{2244BDAF-0F36-47FC-B85B-8F730C7D1CD2}.Ad-Hoc|x64.Build.0 = Release|Any CPU
		{2244BDAF-0F36-47FC-B85B-8F730C7D1CD2}.Ad-Hoc|x64.Deploy.0 = Release|Any CPU
		{2244BDAF-0F36-47FC-B85B-8F730C7D1CD2}.Ad-Hoc|x86.ActiveCfg = Release|Any CPU
		{2244BDAF-0F36-47FC-B85B-8F730C7D1CD2}.Ad-Hoc|x86.Build.0 = Release|Any CPU
		{2244BDAF-0F36-47FC-B85B-8F730C7D1CD2}.Ad-Hoc|x86.Deploy.0 = Release|Any CPU
		{2244BDAF-0F36-47FC-B85B-8F730C7D1CD2}.AppStore|Any CPU.ActiveCfg = Release|Any CPU
		{2244BDAF-0F36-47FC-B85B-8F730C7D1CD2}.AppStore|Any CPU.Build.0 = Release|Any CPU
		{2244BDAF-0F36-47FC-B85B-8F730C7D1CD2}.AppStore|Any CPU.Deploy.0 = Release|Any CPU
		{2244BDAF-0F36-47FC-B85B-8F730C7D1CD2}.AppStore|ARM.ActiveCfg = Release|Any CPU
		{2244BDAF-0F36-47FC-B85B-8F730C7D1CD2}.AppStore|ARM.Build.0 = Release|Any CPU
		{2244BDAF-0F36-47FC-B85B-8F730C7D1CD2}.AppStore|ARM.Deploy.0 = Release|Any CPU
		{2244BDAF-0F36-47FC-B85B-8F730C7D1CD2}.AppStore|iPhone.ActiveCfg = Release|Any CPU
		{2244BDAF-0F36-47FC-B85B-8F730C7D1CD2}.AppStore|iPhone.Build.0 = Release|Any CPU
		{2244BDAF-0F36-47FC-B85B-8F730C7D1CD2}.AppStore|iPhone.Deploy.0 = Release|Any CPU
		{2244BDAF-0F36-47FC-B85B-8F730C7D1CD2}.AppStore|iPhoneSimulator.ActiveCfg = Release|Any CPU
		{2244BDAF-0F36-47FC-B85B-8F730C7D1CD2}.AppStore|iPhoneSimulator.Build.0 = Release|Any CPU
		{2244BDAF-0F36-47FC-B85B-8F730C7D1CD2}.AppStore|iPhoneSimulator.Deploy.0 = Release|Any CPU
		{2244BDAF-0F36-47FC-B85B-8F730C7D1CD2}.AppStore|x64.ActiveCfg = Release|Any CPU
		{2244BDAF-0F36-47FC-B85B-8F730C7D1CD2}.AppStore|x64.Build.0 = Release|Any CPU
		{2244BDAF-0F36-47FC-B85B-8F730C7D1CD2}.AppStore|x64.Deploy.0 = Release|Any CPU
		{2244BDAF-0F36-47FC-B85B-8F730C7D1CD2}.AppStore|x86.ActiveCfg = Release|Any CPU
		{2244BDAF-0F36-47FC-B85B-8F730C7D1CD2}.AppStore|x86.Build.0 = Release|Any CPU
		{2244BDAF-0F36-47FC-B85B-8F730C7D1CD2}.AppStore|x86.Deploy.0 = Release|Any CPU
		{2244BDAF-0F36-47FC-B85B-8F730C7D1CD2}.Debug|Any CPU.ActiveCfg = Debug|Any CPU
		{2244BDAF-0F36-47FC-B85B-8F730C7D1CD2}.Debug|Any CPU.Build.0 = Debug|Any CPU
		{2244BDAF-0F36-47FC-B85B-8F730C7D1CD2}.Debug|Any CPU.Deploy.0 = Debug|Any CPU
		{2244BDAF-0F36-47FC-B85B-8F730C7D1CD2}.Debug|ARM.ActiveCfg = Debug|Any CPU
		{2244BDAF-0F36-47FC-B85B-8F730C7D1CD2}.Debug|ARM.Build.0 = Debug|Any CPU
		{2244BDAF-0F36-47FC-B85B-8F730C7D1CD2}.Debug|ARM.Deploy.0 = Debug|Any CPU
		{2244BDAF-0F36-47FC-B85B-8F730C7D1CD2}.Debug|iPhone.ActiveCfg = Debug|Any CPU
		{2244BDAF-0F36-47FC-B85B-8F730C7D1CD2}.Debug|iPhoneSimulator.ActiveCfg = Debug|Any CPU
		{2244BDAF-0F36-47FC-B85B-8F730C7D1CD2}.Debug|x64.ActiveCfg = Debug|Any CPU
		{2244BDAF-0F36-47FC-B85B-8F730C7D1CD2}.Debug|x64.Build.0 = Debug|Any CPU
		{2244BDAF-0F36-47FC-B85B-8F730C7D1CD2}.Debug|x64.Deploy.0 = Debug|Any CPU
		{2244BDAF-0F36-47FC-B85B-8F730C7D1CD2}.Debug|x86.ActiveCfg = Debug|Any CPU
		{2244BDAF-0F36-47FC-B85B-8F730C7D1CD2}.Debug|x86.Build.0 = Debug|Any CPU
		{2244BDAF-0F36-47FC-B85B-8F730C7D1CD2}.Debug|x86.Deploy.0 = Debug|Any CPU
		{2244BDAF-0F36-47FC-B85B-8F730C7D1CD2}.iOS Release|Any CPU.ActiveCfg = Release|Any CPU
		{2244BDAF-0F36-47FC-B85B-8F730C7D1CD2}.iOS Release|Any CPU.Build.0 = Release|Any CPU
		{2244BDAF-0F36-47FC-B85B-8F730C7D1CD2}.iOS Release|Any CPU.Deploy.0 = Release|Any CPU
		{2244BDAF-0F36-47FC-B85B-8F730C7D1CD2}.iOS Release|ARM.ActiveCfg = Release|Any CPU
		{2244BDAF-0F36-47FC-B85B-8F730C7D1CD2}.iOS Release|ARM.Build.0 = Release|Any CPU
		{2244BDAF-0F36-47FC-B85B-8F730C7D1CD2}.iOS Release|ARM.Deploy.0 = Release|Any CPU
		{2244BDAF-0F36-47FC-B85B-8F730C7D1CD2}.iOS Release|iPhone.ActiveCfg = Release|Any CPU
		{2244BDAF-0F36-47FC-B85B-8F730C7D1CD2}.iOS Release|iPhoneSimulator.ActiveCfg = Release|Any CPU
		{2244BDAF-0F36-47FC-B85B-8F730C7D1CD2}.iOS Release|x64.ActiveCfg = Release|Any CPU
		{2244BDAF-0F36-47FC-B85B-8F730C7D1CD2}.iOS Release|x64.Build.0 = Release|Any CPU
		{2244BDAF-0F36-47FC-B85B-8F730C7D1CD2}.iOS Release|x64.Deploy.0 = Release|Any CPU
		{2244BDAF-0F36-47FC-B85B-8F730C7D1CD2}.iOS Release|x86.ActiveCfg = Release|Any CPU
		{2244BDAF-0F36-47FC-B85B-8F730C7D1CD2}.iOS Release|x86.Build.0 = Release|Any CPU
		{2244BDAF-0F36-47FC-B85B-8F730C7D1CD2}.iOS Release|x86.Deploy.0 = Release|Any CPU
		{2244BDAF-0F36-47FC-B85B-8F730C7D1CD2}.Release|Any CPU.ActiveCfg = Release|Any CPU
		{2244BDAF-0F36-47FC-B85B-8F730C7D1CD2}.Release|Any CPU.Build.0 = Release|Any CPU
		{2244BDAF-0F36-47FC-B85B-8F730C7D1CD2}.Release|Any CPU.Deploy.0 = Release|Any CPU
		{2244BDAF-0F36-47FC-B85B-8F730C7D1CD2}.Release|ARM.ActiveCfg = Release|Any CPU
		{2244BDAF-0F36-47FC-B85B-8F730C7D1CD2}.Release|ARM.Build.0 = Release|Any CPU
		{2244BDAF-0F36-47FC-B85B-8F730C7D1CD2}.Release|ARM.Deploy.0 = Release|Any CPU
		{2244BDAF-0F36-47FC-B85B-8F730C7D1CD2}.Release|iPhone.ActiveCfg = Release|Any CPU
		{2244BDAF-0F36-47FC-B85B-8F730C7D1CD2}.Release|iPhone.Build.0 = Release|Any CPU
		{2244BDAF-0F36-47FC-B85B-8F730C7D1CD2}.Release|iPhone.Deploy.0 = Release|Any CPU
		{2244BDAF-0F36-47FC-B85B-8F730C7D1CD2}.Release|iPhoneSimulator.ActiveCfg = Release|Any CPU
		{2244BDAF-0F36-47FC-B85B-8F730C7D1CD2}.Release|iPhoneSimulator.Build.0 = Release|Any CPU
		{2244BDAF-0F36-47FC-B85B-8F730C7D1CD2}.Release|iPhoneSimulator.Deploy.0 = Release|Any CPU
		{2244BDAF-0F36-47FC-B85B-8F730C7D1CD2}.Release|x64.ActiveCfg = Release|Any CPU
		{2244BDAF-0F36-47FC-B85B-8F730C7D1CD2}.Release|x64.Build.0 = Release|Any CPU
		{2244BDAF-0F36-47FC-B85B-8F730C7D1CD2}.Release|x64.Deploy.0 = Release|Any CPU
		{2244BDAF-0F36-47FC-B85B-8F730C7D1CD2}.Release|x86.ActiveCfg = Release|Any CPU
		{2244BDAF-0F36-47FC-B85B-8F730C7D1CD2}.Release|x86.Build.0 = Release|Any CPU
		{2244BDAF-0F36-47FC-B85B-8F730C7D1CD2}.Release|x86.Deploy.0 = Release|Any CPU
		{82EF412E-FD1F-44E1-A428-6E424A554CA6}.Ad-Hoc|Any CPU.ActiveCfg = Ad-Hoc|iPhone
		{82EF412E-FD1F-44E1-A428-6E424A554CA6}.Ad-Hoc|Any CPU.Build.0 = Ad-Hoc|iPhone
		{82EF412E-FD1F-44E1-A428-6E424A554CA6}.Ad-Hoc|Any CPU.Deploy.0 = Ad-Hoc|iPhone
		{82EF412E-FD1F-44E1-A428-6E424A554CA6}.Ad-Hoc|ARM.ActiveCfg = Ad-Hoc|iPhone
		{82EF412E-FD1F-44E1-A428-6E424A554CA6}.Ad-Hoc|ARM.Build.0 = Ad-Hoc|iPhone
		{82EF412E-FD1F-44E1-A428-6E424A554CA6}.Ad-Hoc|ARM.Deploy.0 = Ad-Hoc|iPhone
		{82EF412E-FD1F-44E1-A428-6E424A554CA6}.Ad-Hoc|iPhone.ActiveCfg = Ad-Hoc|iPhone
		{82EF412E-FD1F-44E1-A428-6E424A554CA6}.Ad-Hoc|iPhone.Build.0 = Ad-Hoc|iPhone
		{82EF412E-FD1F-44E1-A428-6E424A554CA6}.Ad-Hoc|iPhone.Deploy.0 = Ad-Hoc|iPhone
		{82EF412E-FD1F-44E1-A428-6E424A554CA6}.Ad-Hoc|iPhoneSimulator.ActiveCfg = Ad-Hoc|iPhoneSimulator
		{82EF412E-FD1F-44E1-A428-6E424A554CA6}.Ad-Hoc|iPhoneSimulator.Build.0 = Ad-Hoc|iPhoneSimulator
		{82EF412E-FD1F-44E1-A428-6E424A554CA6}.Ad-Hoc|iPhoneSimulator.Deploy.0 = Ad-Hoc|iPhoneSimulator
		{82EF412E-FD1F-44E1-A428-6E424A554CA6}.Ad-Hoc|x64.ActiveCfg = Ad-Hoc|iPhone
		{82EF412E-FD1F-44E1-A428-6E424A554CA6}.Ad-Hoc|x64.Build.0 = Ad-Hoc|iPhone
		{82EF412E-FD1F-44E1-A428-6E424A554CA6}.Ad-Hoc|x64.Deploy.0 = Ad-Hoc|iPhone
		{82EF412E-FD1F-44E1-A428-6E424A554CA6}.Ad-Hoc|x86.ActiveCfg = Ad-Hoc|iPhone
		{82EF412E-FD1F-44E1-A428-6E424A554CA6}.Ad-Hoc|x86.Build.0 = Ad-Hoc|iPhone
		{82EF412E-FD1F-44E1-A428-6E424A554CA6}.Ad-Hoc|x86.Deploy.0 = Ad-Hoc|iPhone
		{82EF412E-FD1F-44E1-A428-6E424A554CA6}.AppStore|Any CPU.ActiveCfg = AppStore|iPhone
		{82EF412E-FD1F-44E1-A428-6E424A554CA6}.AppStore|Any CPU.Build.0 = AppStore|iPhone
		{82EF412E-FD1F-44E1-A428-6E424A554CA6}.AppStore|Any CPU.Deploy.0 = AppStore|iPhone
		{82EF412E-FD1F-44E1-A428-6E424A554CA6}.AppStore|ARM.ActiveCfg = AppStore|iPhone
		{82EF412E-FD1F-44E1-A428-6E424A554CA6}.AppStore|ARM.Build.0 = AppStore|iPhone
		{82EF412E-FD1F-44E1-A428-6E424A554CA6}.AppStore|ARM.Deploy.0 = AppStore|iPhone
		{82EF412E-FD1F-44E1-A428-6E424A554CA6}.AppStore|iPhone.ActiveCfg = AppStore|iPhone
		{82EF412E-FD1F-44E1-A428-6E424A554CA6}.AppStore|iPhone.Build.0 = AppStore|iPhone
		{82EF412E-FD1F-44E1-A428-6E424A554CA6}.AppStore|iPhone.Deploy.0 = AppStore|iPhone
		{82EF412E-FD1F-44E1-A428-6E424A554CA6}.AppStore|iPhoneSimulator.ActiveCfg = AppStore|iPhoneSimulator
		{82EF412E-FD1F-44E1-A428-6E424A554CA6}.AppStore|iPhoneSimulator.Build.0 = AppStore|iPhoneSimulator
		{82EF412E-FD1F-44E1-A428-6E424A554CA6}.AppStore|iPhoneSimulator.Deploy.0 = AppStore|iPhoneSimulator
		{82EF412E-FD1F-44E1-A428-6E424A554CA6}.AppStore|x64.ActiveCfg = AppStore|iPhone
		{82EF412E-FD1F-44E1-A428-6E424A554CA6}.AppStore|x64.Build.0 = AppStore|iPhone
		{82EF412E-FD1F-44E1-A428-6E424A554CA6}.AppStore|x64.Deploy.0 = AppStore|iPhone
		{82EF412E-FD1F-44E1-A428-6E424A554CA6}.AppStore|x86.ActiveCfg = AppStore|iPhone
		{82EF412E-FD1F-44E1-A428-6E424A554CA6}.AppStore|x86.Build.0 = AppStore|iPhone
		{82EF412E-FD1F-44E1-A428-6E424A554CA6}.AppStore|x86.Deploy.0 = AppStore|iPhone
		{82EF412E-FD1F-44E1-A428-6E424A554CA6}.Debug|Any CPU.ActiveCfg = Release|iPhoneSimulator
		{82EF412E-FD1F-44E1-A428-6E424A554CA6}.Debug|Any CPU.Build.0 = Release|iPhoneSimulator
		{82EF412E-FD1F-44E1-A428-6E424A554CA6}.Debug|Any CPU.Deploy.0 = Release|iPhoneSimulator
		{82EF412E-FD1F-44E1-A428-6E424A554CA6}.Debug|ARM.ActiveCfg = Debug|iPhone
		{82EF412E-FD1F-44E1-A428-6E424A554CA6}.Debug|ARM.Build.0 = Debug|iPhone
		{82EF412E-FD1F-44E1-A428-6E424A554CA6}.Debug|ARM.Deploy.0 = Debug|iPhone
		{82EF412E-FD1F-44E1-A428-6E424A554CA6}.Debug|iPhone.ActiveCfg = Debug|iPhone
		{82EF412E-FD1F-44E1-A428-6E424A554CA6}.Debug|iPhone.Build.0 = Debug|iPhone
		{82EF412E-FD1F-44E1-A428-6E424A554CA6}.Debug|iPhone.Deploy.0 = Debug|iPhone
		{82EF412E-FD1F-44E1-A428-6E424A554CA6}.Debug|iPhoneSimulator.ActiveCfg = Debug|iPhoneSimulator
		{82EF412E-FD1F-44E1-A428-6E424A554CA6}.Debug|iPhoneSimulator.Build.0 = Debug|iPhoneSimulator
		{82EF412E-FD1F-44E1-A428-6E424A554CA6}.Debug|iPhoneSimulator.Deploy.0 = Debug|iPhoneSimulator
		{82EF412E-FD1F-44E1-A428-6E424A554CA6}.Debug|x64.ActiveCfg = Debug|iPhone
		{82EF412E-FD1F-44E1-A428-6E424A554CA6}.Debug|x64.Build.0 = Debug|iPhone
		{82EF412E-FD1F-44E1-A428-6E424A554CA6}.Debug|x64.Deploy.0 = Debug|iPhone
		{82EF412E-FD1F-44E1-A428-6E424A554CA6}.Debug|x86.ActiveCfg = Debug|iPhone
		{82EF412E-FD1F-44E1-A428-6E424A554CA6}.Debug|x86.Build.0 = Debug|iPhone
		{82EF412E-FD1F-44E1-A428-6E424A554CA6}.Debug|x86.Deploy.0 = Debug|iPhone
		{82EF412E-FD1F-44E1-A428-6E424A554CA6}.iOS Release|Any CPU.ActiveCfg = Release|iPhone
		{82EF412E-FD1F-44E1-A428-6E424A554CA6}.iOS Release|Any CPU.Build.0 = Release|iPhone
		{82EF412E-FD1F-44E1-A428-6E424A554CA6}.iOS Release|Any CPU.Deploy.0 = Release|iPhone
		{82EF412E-FD1F-44E1-A428-6E424A554CA6}.iOS Release|ARM.ActiveCfg = Release|iPhone
		{82EF412E-FD1F-44E1-A428-6E424A554CA6}.iOS Release|ARM.Build.0 = Release|iPhone
		{82EF412E-FD1F-44E1-A428-6E424A554CA6}.iOS Release|ARM.Deploy.0 = Release|iPhone
		{82EF412E-FD1F-44E1-A428-6E424A554CA6}.iOS Release|iPhone.ActiveCfg = Release|iPhone
		{82EF412E-FD1F-44E1-A428-6E424A554CA6}.iOS Release|iPhone.Build.0 = Release|iPhone
		{82EF412E-FD1F-44E1-A428-6E424A554CA6}.iOS Release|iPhone.Deploy.0 = Release|iPhone
		{82EF412E-FD1F-44E1-A428-6E424A554CA6}.iOS Release|iPhoneSimulator.ActiveCfg = Release|iPhoneSimulator
		{82EF412E-FD1F-44E1-A428-6E424A554CA6}.iOS Release|iPhoneSimulator.Build.0 = Release|iPhoneSimulator
		{82EF412E-FD1F-44E1-A428-6E424A554CA6}.iOS Release|iPhoneSimulator.Deploy.0 = Release|iPhoneSimulator
		{82EF412E-FD1F-44E1-A428-6E424A554CA6}.iOS Release|x64.ActiveCfg = Release|iPhone
		{82EF412E-FD1F-44E1-A428-6E424A554CA6}.iOS Release|x64.Build.0 = Release|iPhone
		{82EF412E-FD1F-44E1-A428-6E424A554CA6}.iOS Release|x64.Deploy.0 = Release|iPhone
		{82EF412E-FD1F-44E1-A428-6E424A554CA6}.iOS Release|x86.ActiveCfg = Release|iPhone
		{82EF412E-FD1F-44E1-A428-6E424A554CA6}.iOS Release|x86.Build.0 = Release|iPhone
		{82EF412E-FD1F-44E1-A428-6E424A554CA6}.iOS Release|x86.Deploy.0 = Release|iPhone
		{82EF412E-FD1F-44E1-A428-6E424A554CA6}.Release|Any CPU.ActiveCfg = Release|iPhone
		{82EF412E-FD1F-44E1-A428-6E424A554CA6}.Release|Any CPU.Build.0 = Release|iPhone
		{82EF412E-FD1F-44E1-A428-6E424A554CA6}.Release|Any CPU.Deploy.0 = Release|iPhone
		{82EF412E-FD1F-44E1-A428-6E424A554CA6}.Release|ARM.ActiveCfg = Release|iPhone
		{82EF412E-FD1F-44E1-A428-6E424A554CA6}.Release|ARM.Build.0 = Release|iPhone
		{82EF412E-FD1F-44E1-A428-6E424A554CA6}.Release|ARM.Deploy.0 = Release|iPhone
		{82EF412E-FD1F-44E1-A428-6E424A554CA6}.Release|iPhone.ActiveCfg = Release|iPhone
		{82EF412E-FD1F-44E1-A428-6E424A554CA6}.Release|iPhone.Build.0 = Release|iPhone
		{82EF412E-FD1F-44E1-A428-6E424A554CA6}.Release|iPhone.Deploy.0 = Release|iPhone
		{82EF412E-FD1F-44E1-A428-6E424A554CA6}.Release|iPhoneSimulator.ActiveCfg = Release|iPhoneSimulator
		{82EF412E-FD1F-44E1-A428-6E424A554CA6}.Release|iPhoneSimulator.Build.0 = Release|iPhoneSimulator
		{82EF412E-FD1F-44E1-A428-6E424A554CA6}.Release|iPhoneSimulator.Deploy.0 = Release|iPhoneSimulator
		{82EF412E-FD1F-44E1-A428-6E424A554CA6}.Release|x64.ActiveCfg = Release|iPhone
		{82EF412E-FD1F-44E1-A428-6E424A554CA6}.Release|x64.Build.0 = Release|iPhone
		{82EF412E-FD1F-44E1-A428-6E424A554CA6}.Release|x64.Deploy.0 = Release|iPhone
		{82EF412E-FD1F-44E1-A428-6E424A554CA6}.Release|x86.ActiveCfg = Release|iPhone
		{82EF412E-FD1F-44E1-A428-6E424A554CA6}.Release|x86.Build.0 = Release|iPhone
		{82EF412E-FD1F-44E1-A428-6E424A554CA6}.Release|x86.Deploy.0 = Release|iPhone
		{222DF088-B421-4B8C-B452-BF52D522B57B}.Ad-Hoc|Any CPU.ActiveCfg = Release|x86
		{222DF088-B421-4B8C-B452-BF52D522B57B}.Ad-Hoc|Any CPU.Build.0 = Release|x86
		{222DF088-B421-4B8C-B452-BF52D522B57B}.Ad-Hoc|Any CPU.Deploy.0 = Release|x86
		{222DF088-B421-4B8C-B452-BF52D522B57B}.Ad-Hoc|ARM.ActiveCfg = Release|ARM
		{222DF088-B421-4B8C-B452-BF52D522B57B}.Ad-Hoc|ARM.Build.0 = Release|ARM
		{222DF088-B421-4B8C-B452-BF52D522B57B}.Ad-Hoc|ARM.Deploy.0 = Release|ARM
		{222DF088-B421-4B8C-B452-BF52D522B57B}.Ad-Hoc|iPhone.ActiveCfg = Release|x86
		{222DF088-B421-4B8C-B452-BF52D522B57B}.Ad-Hoc|iPhone.Build.0 = Release|x86
		{222DF088-B421-4B8C-B452-BF52D522B57B}.Ad-Hoc|iPhone.Deploy.0 = Release|x86
		{222DF088-B421-4B8C-B452-BF52D522B57B}.Ad-Hoc|iPhoneSimulator.ActiveCfg = Release|x86
		{222DF088-B421-4B8C-B452-BF52D522B57B}.Ad-Hoc|iPhoneSimulator.Build.0 = Release|x86
		{222DF088-B421-4B8C-B452-BF52D522B57B}.Ad-Hoc|iPhoneSimulator.Deploy.0 = Release|x86
		{222DF088-B421-4B8C-B452-BF52D522B57B}.Ad-Hoc|x64.ActiveCfg = Release|x64
		{222DF088-B421-4B8C-B452-BF52D522B57B}.Ad-Hoc|x64.Build.0 = Release|x64
		{222DF088-B421-4B8C-B452-BF52D522B57B}.Ad-Hoc|x64.Deploy.0 = Release|x64
		{222DF088-B421-4B8C-B452-BF52D522B57B}.Ad-Hoc|x86.ActiveCfg = Release|x86
		{222DF088-B421-4B8C-B452-BF52D522B57B}.Ad-Hoc|x86.Build.0 = Release|x86
		{222DF088-B421-4B8C-B452-BF52D522B57B}.Ad-Hoc|x86.Deploy.0 = Release|x86
		{222DF088-B421-4B8C-B452-BF52D522B57B}.AppStore|Any CPU.ActiveCfg = Release|x86
		{222DF088-B421-4B8C-B452-BF52D522B57B}.AppStore|Any CPU.Build.0 = Release|x86
		{222DF088-B421-4B8C-B452-BF52D522B57B}.AppStore|Any CPU.Deploy.0 = Release|x86
		{222DF088-B421-4B8C-B452-BF52D522B57B}.AppStore|ARM.ActiveCfg = Release|ARM
		{222DF088-B421-4B8C-B452-BF52D522B57B}.AppStore|ARM.Build.0 = Release|ARM
		{222DF088-B421-4B8C-B452-BF52D522B57B}.AppStore|ARM.Deploy.0 = Release|ARM
		{222DF088-B421-4B8C-B452-BF52D522B57B}.AppStore|iPhone.ActiveCfg = Release|x86
		{222DF088-B421-4B8C-B452-BF52D522B57B}.AppStore|iPhone.Build.0 = Release|x86
		{222DF088-B421-4B8C-B452-BF52D522B57B}.AppStore|iPhone.Deploy.0 = Release|x86
		{222DF088-B421-4B8C-B452-BF52D522B57B}.AppStore|iPhoneSimulator.ActiveCfg = Release|x86
		{222DF088-B421-4B8C-B452-BF52D522B57B}.AppStore|iPhoneSimulator.Build.0 = Release|x86
		{222DF088-B421-4B8C-B452-BF52D522B57B}.AppStore|iPhoneSimulator.Deploy.0 = Release|x86
		{222DF088-B421-4B8C-B452-BF52D522B57B}.AppStore|x64.ActiveCfg = Release|x64
		{222DF088-B421-4B8C-B452-BF52D522B57B}.AppStore|x64.Build.0 = Release|x64
		{222DF088-B421-4B8C-B452-BF52D522B57B}.AppStore|x64.Deploy.0 = Release|x64
		{222DF088-B421-4B8C-B452-BF52D522B57B}.AppStore|x86.ActiveCfg = Release|x86
		{222DF088-B421-4B8C-B452-BF52D522B57B}.AppStore|x86.Build.0 = Release|x86
		{222DF088-B421-4B8C-B452-BF52D522B57B}.AppStore|x86.Deploy.0 = Release|x86
		{222DF088-B421-4B8C-B452-BF52D522B57B}.Debug|Any CPU.ActiveCfg = Debug|x86
		{222DF088-B421-4B8C-B452-BF52D522B57B}.Debug|Any CPU.Build.0 = Debug|x86
		{222DF088-B421-4B8C-B452-BF52D522B57B}.Debug|Any CPU.Deploy.0 = Debug|x86
		{222DF088-B421-4B8C-B452-BF52D522B57B}.Debug|ARM.ActiveCfg = Debug|ARM
		{222DF088-B421-4B8C-B452-BF52D522B57B}.Debug|ARM.Build.0 = Debug|ARM
		{222DF088-B421-4B8C-B452-BF52D522B57B}.Debug|ARM.Deploy.0 = Debug|ARM
		{222DF088-B421-4B8C-B452-BF52D522B57B}.Debug|iPhone.ActiveCfg = Debug|x86
		{222DF088-B421-4B8C-B452-BF52D522B57B}.Debug|iPhoneSimulator.ActiveCfg = Debug|x86
		{222DF088-B421-4B8C-B452-BF52D522B57B}.Debug|x64.ActiveCfg = Debug|x64
		{222DF088-B421-4B8C-B452-BF52D522B57B}.Debug|x64.Build.0 = Debug|x64
		{222DF088-B421-4B8C-B452-BF52D522B57B}.Debug|x64.Deploy.0 = Debug|x64
		{222DF088-B421-4B8C-B452-BF52D522B57B}.Debug|x86.ActiveCfg = Debug|x86
		{222DF088-B421-4B8C-B452-BF52D522B57B}.Debug|x86.Build.0 = Debug|x86
		{222DF088-B421-4B8C-B452-BF52D522B57B}.Debug|x86.Deploy.0 = Debug|x86
		{222DF088-B421-4B8C-B452-BF52D522B57B}.iOS Release|Any CPU.ActiveCfg = Release|x86
		{222DF088-B421-4B8C-B452-BF52D522B57B}.iOS Release|Any CPU.Build.0 = Release|x86
		{222DF088-B421-4B8C-B452-BF52D522B57B}.iOS Release|Any CPU.Deploy.0 = Release|x86
		{222DF088-B421-4B8C-B452-BF52D522B57B}.iOS Release|ARM.ActiveCfg = Release|ARM
		{222DF088-B421-4B8C-B452-BF52D522B57B}.iOS Release|ARM.Build.0 = Release|ARM
		{222DF088-B421-4B8C-B452-BF52D522B57B}.iOS Release|ARM.Deploy.0 = Release|ARM
		{222DF088-B421-4B8C-B452-BF52D522B57B}.iOS Release|iPhone.ActiveCfg = Release|x86
		{222DF088-B421-4B8C-B452-BF52D522B57B}.iOS Release|iPhoneSimulator.ActiveCfg = Release|x86
		{222DF088-B421-4B8C-B452-BF52D522B57B}.iOS Release|x64.ActiveCfg = Release|x64
		{222DF088-B421-4B8C-B452-BF52D522B57B}.iOS Release|x64.Build.0 = Release|x64
		{222DF088-B421-4B8C-B452-BF52D522B57B}.iOS Release|x64.Deploy.0 = Release|x64
		{222DF088-B421-4B8C-B452-BF52D522B57B}.iOS Release|x86.ActiveCfg = Release|x86
		{222DF088-B421-4B8C-B452-BF52D522B57B}.iOS Release|x86.Build.0 = Release|x86
		{222DF088-B421-4B8C-B452-BF52D522B57B}.iOS Release|x86.Deploy.0 = Release|x86
		{222DF088-B421-4B8C-B452-BF52D522B57B}.Release|Any CPU.ActiveCfg = Release|x86
		{222DF088-B421-4B8C-B452-BF52D522B57B}.Release|Any CPU.Build.0 = Release|x86
		{222DF088-B421-4B8C-B452-BF52D522B57B}.Release|Any CPU.Deploy.0 = Release|x86
		{222DF088-B421-4B8C-B452-BF52D522B57B}.Release|ARM.ActiveCfg = Release|ARM
		{222DF088-B421-4B8C-B452-BF52D522B57B}.Release|ARM.Build.0 = Release|ARM
		{222DF088-B421-4B8C-B452-BF52D522B57B}.Release|ARM.Deploy.0 = Release|ARM
		{222DF088-B421-4B8C-B452-BF52D522B57B}.Release|iPhone.ActiveCfg = Release|x86
		{222DF088-B421-4B8C-B452-BF52D522B57B}.Release|iPhone.Build.0 = Release|x86
		{222DF088-B421-4B8C-B452-BF52D522B57B}.Release|iPhone.Deploy.0 = Release|x86
		{222DF088-B421-4B8C-B452-BF52D522B57B}.Release|iPhoneSimulator.ActiveCfg = Release|x86
		{222DF088-B421-4B8C-B452-BF52D522B57B}.Release|iPhoneSimulator.Build.0 = Release|x86
		{222DF088-B421-4B8C-B452-BF52D522B57B}.Release|iPhoneSimulator.Deploy.0 = Release|x86
		{222DF088-B421-4B8C-B452-BF52D522B57B}.Release|x64.ActiveCfg = Release|x64
		{222DF088-B421-4B8C-B452-BF52D522B57B}.Release|x64.Build.0 = Release|x64
		{222DF088-B421-4B8C-B452-BF52D522B57B}.Release|x64.Deploy.0 = Release|x64
		{222DF088-B421-4B8C-B452-BF52D522B57B}.Release|x86.ActiveCfg = Release|x86
		{222DF088-B421-4B8C-B452-BF52D522B57B}.Release|x86.Build.0 = Release|x86
		{222DF088-B421-4B8C-B452-BF52D522B57B}.Release|x86.Deploy.0 = Release|x86
		{BDCAD4CD-3619-4470-86C2-FAAB05293D97}.Ad-Hoc|Any CPU.ActiveCfg = Debug|Any CPU
		{BDCAD4CD-3619-4470-86C2-FAAB05293D97}.Ad-Hoc|Any CPU.Build.0 = Debug|Any CPU
		{BDCAD4CD-3619-4470-86C2-FAAB05293D97}.Ad-Hoc|Any CPU.Deploy.0 = Debug|Any CPU
		{BDCAD4CD-3619-4470-86C2-FAAB05293D97}.Ad-Hoc|ARM.ActiveCfg = Debug|Any CPU
		{BDCAD4CD-3619-4470-86C2-FAAB05293D97}.Ad-Hoc|ARM.Build.0 = Debug|Any CPU
		{BDCAD4CD-3619-4470-86C2-FAAB05293D97}.Ad-Hoc|ARM.Deploy.0 = Debug|Any CPU
		{BDCAD4CD-3619-4470-86C2-FAAB05293D97}.Ad-Hoc|iPhone.ActiveCfg = Debug|Any CPU
		{BDCAD4CD-3619-4470-86C2-FAAB05293D97}.Ad-Hoc|iPhone.Build.0 = Debug|Any CPU
		{BDCAD4CD-3619-4470-86C2-FAAB05293D97}.Ad-Hoc|iPhone.Deploy.0 = Debug|Any CPU
		{BDCAD4CD-3619-4470-86C2-FAAB05293D97}.Ad-Hoc|iPhoneSimulator.ActiveCfg = Debug|Any CPU
		{BDCAD4CD-3619-4470-86C2-FAAB05293D97}.Ad-Hoc|iPhoneSimulator.Build.0 = Debug|Any CPU
		{BDCAD4CD-3619-4470-86C2-FAAB05293D97}.Ad-Hoc|iPhoneSimulator.Deploy.0 = Debug|Any CPU
		{BDCAD4CD-3619-4470-86C2-FAAB05293D97}.Ad-Hoc|x64.ActiveCfg = Debug|Any CPU
		{BDCAD4CD-3619-4470-86C2-FAAB05293D97}.Ad-Hoc|x64.Build.0 = Debug|Any CPU
		{BDCAD4CD-3619-4470-86C2-FAAB05293D97}.Ad-Hoc|x64.Deploy.0 = Debug|Any CPU
		{BDCAD4CD-3619-4470-86C2-FAAB05293D97}.Ad-Hoc|x86.ActiveCfg = Debug|Any CPU
		{BDCAD4CD-3619-4470-86C2-FAAB05293D97}.Ad-Hoc|x86.Build.0 = Debug|Any CPU
		{BDCAD4CD-3619-4470-86C2-FAAB05293D97}.Ad-Hoc|x86.Deploy.0 = Debug|Any CPU
		{BDCAD4CD-3619-4470-86C2-FAAB05293D97}.AppStore|Any CPU.ActiveCfg = Debug|Any CPU
		{BDCAD4CD-3619-4470-86C2-FAAB05293D97}.AppStore|Any CPU.Build.0 = Debug|Any CPU
		{BDCAD4CD-3619-4470-86C2-FAAB05293D97}.AppStore|Any CPU.Deploy.0 = Debug|Any CPU
		{BDCAD4CD-3619-4470-86C2-FAAB05293D97}.AppStore|ARM.ActiveCfg = Debug|Any CPU
		{BDCAD4CD-3619-4470-86C2-FAAB05293D97}.AppStore|ARM.Build.0 = Debug|Any CPU
		{BDCAD4CD-3619-4470-86C2-FAAB05293D97}.AppStore|ARM.Deploy.0 = Debug|Any CPU
		{BDCAD4CD-3619-4470-86C2-FAAB05293D97}.AppStore|iPhone.ActiveCfg = Debug|Any CPU
		{BDCAD4CD-3619-4470-86C2-FAAB05293D97}.AppStore|iPhone.Build.0 = Debug|Any CPU
		{BDCAD4CD-3619-4470-86C2-FAAB05293D97}.AppStore|iPhone.Deploy.0 = Debug|Any CPU
		{BDCAD4CD-3619-4470-86C2-FAAB05293D97}.AppStore|iPhoneSimulator.ActiveCfg = Debug|Any CPU
		{BDCAD4CD-3619-4470-86C2-FAAB05293D97}.AppStore|iPhoneSimulator.Build.0 = Debug|Any CPU
		{BDCAD4CD-3619-4470-86C2-FAAB05293D97}.AppStore|iPhoneSimulator.Deploy.0 = Debug|Any CPU
		{BDCAD4CD-3619-4470-86C2-FAAB05293D97}.AppStore|x64.ActiveCfg = Debug|Any CPU
		{BDCAD4CD-3619-4470-86C2-FAAB05293D97}.AppStore|x64.Build.0 = Debug|Any CPU
		{BDCAD4CD-3619-4470-86C2-FAAB05293D97}.AppStore|x64.Deploy.0 = Debug|Any CPU
		{BDCAD4CD-3619-4470-86C2-FAAB05293D97}.AppStore|x86.ActiveCfg = Debug|Any CPU
		{BDCAD4CD-3619-4470-86C2-FAAB05293D97}.AppStore|x86.Build.0 = Debug|Any CPU
		{BDCAD4CD-3619-4470-86C2-FAAB05293D97}.AppStore|x86.Deploy.0 = Debug|Any CPU
		{BDCAD4CD-3619-4470-86C2-FAAB05293D97}.Debug|Any CPU.ActiveCfg = Debug|Any CPU
		{BDCAD4CD-3619-4470-86C2-FAAB05293D97}.Debug|Any CPU.Build.0 = Debug|Any CPU
		{BDCAD4CD-3619-4470-86C2-FAAB05293D97}.Debug|Any CPU.Deploy.0 = Debug|Any CPU
		{BDCAD4CD-3619-4470-86C2-FAAB05293D97}.Debug|ARM.ActiveCfg = Debug|Any CPU
		{BDCAD4CD-3619-4470-86C2-FAAB05293D97}.Debug|ARM.Build.0 = Debug|Any CPU
		{BDCAD4CD-3619-4470-86C2-FAAB05293D97}.Debug|ARM.Deploy.0 = Debug|Any CPU
		{BDCAD4CD-3619-4470-86C2-FAAB05293D97}.Debug|iPhone.ActiveCfg = Debug|Any CPU
		{BDCAD4CD-3619-4470-86C2-FAAB05293D97}.Debug|iPhone.Build.0 = Debug|Any CPU
		{BDCAD4CD-3619-4470-86C2-FAAB05293D97}.Debug|iPhone.Deploy.0 = Debug|Any CPU
		{BDCAD4CD-3619-4470-86C2-FAAB05293D97}.Debug|iPhoneSimulator.ActiveCfg = Debug|Any CPU
		{BDCAD4CD-3619-4470-86C2-FAAB05293D97}.Debug|iPhoneSimulator.Build.0 = Debug|Any CPU
		{BDCAD4CD-3619-4470-86C2-FAAB05293D97}.Debug|iPhoneSimulator.Deploy.0 = Debug|Any CPU
		{BDCAD4CD-3619-4470-86C2-FAAB05293D97}.Debug|x64.ActiveCfg = Debug|Any CPU
		{BDCAD4CD-3619-4470-86C2-FAAB05293D97}.Debug|x64.Build.0 = Debug|Any CPU
		{BDCAD4CD-3619-4470-86C2-FAAB05293D97}.Debug|x64.Deploy.0 = Debug|Any CPU
		{BDCAD4CD-3619-4470-86C2-FAAB05293D97}.Debug|x86.ActiveCfg = Debug|Any CPU
		{BDCAD4CD-3619-4470-86C2-FAAB05293D97}.Debug|x86.Build.0 = Debug|Any CPU
		{BDCAD4CD-3619-4470-86C2-FAAB05293D97}.Debug|x86.Deploy.0 = Debug|Any CPU
		{BDCAD4CD-3619-4470-86C2-FAAB05293D97}.iOS Release|Any CPU.ActiveCfg = Release|Any CPU
		{BDCAD4CD-3619-4470-86C2-FAAB05293D97}.iOS Release|Any CPU.Build.0 = Release|Any CPU
		{BDCAD4CD-3619-4470-86C2-FAAB05293D97}.iOS Release|Any CPU.Deploy.0 = Release|Any CPU
		{BDCAD4CD-3619-4470-86C2-FAAB05293D97}.iOS Release|ARM.ActiveCfg = Release|Any CPU
		{BDCAD4CD-3619-4470-86C2-FAAB05293D97}.iOS Release|ARM.Build.0 = Release|Any CPU
		{BDCAD4CD-3619-4470-86C2-FAAB05293D97}.iOS Release|ARM.Deploy.0 = Release|Any CPU
		{BDCAD4CD-3619-4470-86C2-FAAB05293D97}.iOS Release|iPhone.ActiveCfg = Release|Any CPU
		{BDCAD4CD-3619-4470-86C2-FAAB05293D97}.iOS Release|iPhone.Build.0 = Release|Any CPU
		{BDCAD4CD-3619-4470-86C2-FAAB05293D97}.iOS Release|iPhone.Deploy.0 = Release|Any CPU
		{BDCAD4CD-3619-4470-86C2-FAAB05293D97}.iOS Release|iPhoneSimulator.ActiveCfg = Release|Any CPU
		{BDCAD4CD-3619-4470-86C2-FAAB05293D97}.iOS Release|iPhoneSimulator.Build.0 = Release|Any CPU
		{BDCAD4CD-3619-4470-86C2-FAAB05293D97}.iOS Release|iPhoneSimulator.Deploy.0 = Release|Any CPU
		{BDCAD4CD-3619-4470-86C2-FAAB05293D97}.iOS Release|x64.ActiveCfg = Release|Any CPU
		{BDCAD4CD-3619-4470-86C2-FAAB05293D97}.iOS Release|x64.Build.0 = Release|Any CPU
		{BDCAD4CD-3619-4470-86C2-FAAB05293D97}.iOS Release|x64.Deploy.0 = Release|Any CPU
		{BDCAD4CD-3619-4470-86C2-FAAB05293D97}.iOS Release|x86.ActiveCfg = Release|Any CPU
		{BDCAD4CD-3619-4470-86C2-FAAB05293D97}.iOS Release|x86.Build.0 = Release|Any CPU
		{BDCAD4CD-3619-4470-86C2-FAAB05293D97}.iOS Release|x86.Deploy.0 = Release|Any CPU
		{BDCAD4CD-3619-4470-86C2-FAAB05293D97}.Release|Any CPU.ActiveCfg = Release|Any CPU
		{BDCAD4CD-3619-4470-86C2-FAAB05293D97}.Release|Any CPU.Build.0 = Release|Any CPU
		{BDCAD4CD-3619-4470-86C2-FAAB05293D97}.Release|Any CPU.Deploy.0 = Release|Any CPU
		{BDCAD4CD-3619-4470-86C2-FAAB05293D97}.Release|ARM.ActiveCfg = Release|Any CPU
		{BDCAD4CD-3619-4470-86C2-FAAB05293D97}.Release|ARM.Build.0 = Release|Any CPU
		{BDCAD4CD-3619-4470-86C2-FAAB05293D97}.Release|ARM.Deploy.0 = Release|Any CPU
		{BDCAD4CD-3619-4470-86C2-FAAB05293D97}.Release|iPhone.ActiveCfg = Release|Any CPU
		{BDCAD4CD-3619-4470-86C2-FAAB05293D97}.Release|iPhone.Build.0 = Release|Any CPU
		{BDCAD4CD-3619-4470-86C2-FAAB05293D97}.Release|iPhone.Deploy.0 = Release|Any CPU
		{BDCAD4CD-3619-4470-86C2-FAAB05293D97}.Release|iPhoneSimulator.ActiveCfg = Release|Any CPU
		{BDCAD4CD-3619-4470-86C2-FAAB05293D97}.Release|iPhoneSimulator.Build.0 = Release|Any CPU
		{BDCAD4CD-3619-4470-86C2-FAAB05293D97}.Release|iPhoneSimulator.Deploy.0 = Release|Any CPU
		{BDCAD4CD-3619-4470-86C2-FAAB05293D97}.Release|x64.ActiveCfg = Release|Any CPU
		{BDCAD4CD-3619-4470-86C2-FAAB05293D97}.Release|x64.Build.0 = Release|Any CPU
		{BDCAD4CD-3619-4470-86C2-FAAB05293D97}.Release|x64.Deploy.0 = Release|Any CPU
		{BDCAD4CD-3619-4470-86C2-FAAB05293D97}.Release|x86.ActiveCfg = Release|Any CPU
		{BDCAD4CD-3619-4470-86C2-FAAB05293D97}.Release|x86.Build.0 = Release|Any CPU
		{BDCAD4CD-3619-4470-86C2-FAAB05293D97}.Release|x86.Deploy.0 = Release|Any CPU
	EndGlobalSection
	GlobalSection(SolutionProperties) = preSolution
		HideSolutionNode = FALSE
	EndGlobalSection
	GlobalSection(ExtensibilityGlobals) = postSolution
		SolutionGuid = {96E1D90E-65AA-4C2B-93EB-FFD28112ADA4}
	EndGlobalSection
EndGlobal
